// !$*UTF8*$!
{
	archiveVersion = 1;
	classes = {
	};
	objectVersion = 46;
	objects = {

/* Begin PBXBuildFile section */
		6F7752741CDC9A8800BF74AF /* Cocoa.framework in Frameworks */ = {isa = PBXBuildFile; fileRef = E3DEFB1314FFD66C00B98586 /* Cocoa.framework */; };
		6F7752781CDC9A8800BF74AF /* InfoPlist.strings in Resources */ = {isa = PBXBuildFile; fileRef = 6FC2419C1CDB5922009A3AAD /* InfoPlist.strings */; };
		6F7752841CDC9A9B00BF74AF /* Cocoa.framework in Frameworks */ = {isa = PBXBuildFile; fileRef = E3DEFB1314FFD66C00B98586 /* Cocoa.framework */; };
		6F7752881CDC9A9B00BF74AF /* InfoPlist.strings in Resources */ = {isa = PBXBuildFile; fileRef = 6FC2419C1CDB5922009A3AAD /* InfoPlist.strings */; };
		6F843E511CDB994C008B2EC4 /* Cocoa.framework in Frameworks */ = {isa = PBXBuildFile; fileRef = E3DEFB1314FFD66C00B98586 /* Cocoa.framework */; };
		6F843E551CDB994C008B2EC4 /* InfoPlist.strings in Resources */ = {isa = PBXBuildFile; fileRef = 6FC2419C1CDB5922009A3AAD /* InfoPlist.strings */; };
		6F843E5D1CDB996B008B2EC4 /* CCBPProperties.plist in Resources */ = {isa = PBXBuildFile; fileRef = 6F843E4A1CDB9940008B2EC4 /* CCBPProperties.plist */; };
		6FC241891CDB58D5009A3AAD /* Cocoa.framework in Frameworks */ = {isa = PBXBuildFile; fileRef = E3DEFB1314FFD66C00B98586 /* Cocoa.framework */; };
		6FC241A11CDB5922009A3AAD /* CCBPProperties.plist in Resources */ = {isa = PBXBuildFile; fileRef = 6FC241941CDB5922009A3AAD /* CCBPProperties.plist */; };
		6FC241A41CDB5922009A3AAD /* CCBPProperties.plist in Resources */ = {isa = PBXBuildFile; fileRef = 6FC241981CDB5922009A3AAD /* CCBPProperties.plist */; };
		6FC241A81CDB5922009A3AAD /* InfoPlist.strings in Resources */ = {isa = PBXBuildFile; fileRef = 6FC2419C1CDB5922009A3AAD /* InfoPlist.strings */; };
		6FC241A91CDB5922009A3AAD /* InfoPlist.strings in Resources */ = {isa = PBXBuildFile; fileRef = 6FC2419C1CDB5922009A3AAD /* InfoPlist.strings */; };
		6FD294151CE1A10F009ECBFA /* Cocoa.framework in Frameworks */ = {isa = PBXBuildFile; fileRef = E3DEFB1314FFD66C00B98586 /* Cocoa.framework */; };
		6FD294181CE1A10F009ECBFA /* InfoPlist.strings in Resources */ = {isa = PBXBuildFile; fileRef = 6FC2419C1CDB5922009A3AAD /* InfoPlist.strings */; };
		6FD2944C1CE1B8E2009ECBFA /* CCNodeV3.m in Sources */ = {isa = PBXBuildFile; fileRef = 6FD294081CE19DFE009ECBFA /* CCNodeV3.m */; };
		6FD2944D1CE1B8E2009ECBFA /* CCUIScrollView.m in Sources */ = {isa = PBXBuildFile; fileRef = 6F7752911CDC9FF000BF74AF /* CCUIScrollView.m */; };
		6FD2944E1CE1B8E2009ECBFA /* CCLayout.m in Sources */ = {isa = PBXBuildFile; fileRef = 6F77526E1CDC9A8200BF74AF /* CCLayout.m */; };
		6FD2944F1CE1B8E2009ECBFA /* CCText.m in Sources */ = {isa = PBXBuildFile; fileRef = 6F843E7B1CDBCBC1008B2EC4 /* CCText.m */; };
		6FD294501CE1B8E2009ECBFA /* CCButton.m in Sources */ = {isa = PBXBuildFile; fileRef = 6F843E7E1CDBCBC9008B2EC4 /* CCButton.m */; };
		6FD294511CE1B8E2009ECBFA /* CCWidget.m in Sources */ = {isa = PBXBuildFile; fileRef = 6F843E811CDBCBD0008B2EC4 /* CCWidget.m */; };
		6FD294741CE1BC07009ECBFA /* CCBPProperties.plist in Resources */ = {isa = PBXBuildFile; fileRef = 6FD294061CE19DFE009ECBFA /* CCBPProperties.plist */; };
		E3DEFB1414FFD66C00B98586 /* Cocoa.framework in Frameworks */ = {isa = PBXBuildFile; fileRef = E3DEFB1314FFD66C00B98586 /* Cocoa.framework */; };
/* End PBXBuildFile section */

/* Begin PBXFileReference section */
		6F375FB11CDCAF9F00D17533 /* CCBPProperties.plist */ = {isa = PBXFileReference; fileEncoding = 4; lastKnownFileType = text.plist.xml; name = CCBPProperties.plist; path = CCLayout/CCBPProperties.plist; sourceTree = "<group>"; };
		6F77526E1CDC9A8200BF74AF /* CCLayout.m */ = {isa = PBXFileReference; lastKnownFileType = sourcecode.c.objc; name = CCLayout.m; path = CCLayout/CCLayout.m; sourceTree = "<group>"; };
		6F77527D1CDC9A8800BF74AF /* CCLayout.ccbPlugNode */ = {isa = PBXFileReference; explicitFileType = wrapper.cfbundle; includeInIndex = 0; path = CCLayout.ccbPlugNode; sourceTree = BUILT_PRODUCTS_DIR; };
		6F77528D1CDC9A9B00BF74AF /* CCScrollView.ccbPlugNode */ = {isa = PBXFileReference; explicitFileType = wrapper.cfbundle; includeInIndex = 0; path = CCScrollView.ccbPlugNode; sourceTree = BUILT_PRODUCTS_DIR; };
		6F77528F1CDC9AE400BF74AF /* CCLayout.h */ = {isa = PBXFileReference; lastKnownFileType = sourcecode.c.h; name = CCLayout.h; path = CCLayout/CCLayout.h; sourceTree = "<group>"; };
		6F7752911CDC9FF000BF74AF /* CCUIScrollView.m */ = {isa = PBXFileReference; fileEncoding = 4; lastKnownFileType = sourcecode.c.objc; name = CCUIScrollView.m; path = CCScrollView/CCUIScrollView.m; sourceTree = "<group>"; };
		6F7752931CDCA00300BF74AF /* CCUIScrollView.h */ = {isa = PBXFileReference; lastKnownFileType = sourcecode.c.h; name = CCUIScrollView.h; path = CCScrollView/CCUIScrollView.h; sourceTree = "<group>"; };
		6F843E4A1CDB9940008B2EC4 /* CCBPProperties.plist */ = {isa = PBXFileReference; fileEncoding = 4; lastKnownFileType = text.plist.xml; name = CCBPProperties.plist; path = CCText/CCBPProperties.plist; sourceTree = "<group>"; };
		6F843E5A1CDB994C008B2EC4 /* CCText.ccbPlugNode */ = {isa = PBXFileReference; explicitFileType = wrapper.cfbundle; includeInIndex = 0; path = CCText.ccbPlugNode; sourceTree = BUILT_PRODUCTS_DIR; };
		6F843E7A1CDBCBC1008B2EC4 /* CCText.h */ = {isa = PBXFileReference; fileEncoding = 4; lastKnownFileType = sourcecode.c.h; name = CCText.h; path = CCText/CCText.h; sourceTree = "<group>"; };
		6F843E7B1CDBCBC1008B2EC4 /* CCText.m */ = {isa = PBXFileReference; fileEncoding = 4; lastKnownFileType = sourcecode.c.objc; name = CCText.m; path = CCText/CCText.m; sourceTree = "<group>"; };
		6F843E7D1CDBCBC9008B2EC4 /* CCButton.h */ = {isa = PBXFileReference; fileEncoding = 4; lastKnownFileType = sourcecode.c.h; path = CCButton.h; sourceTree = "<group>"; };
		6F843E7E1CDBCBC9008B2EC4 /* CCButton.m */ = {isa = PBXFileReference; fileEncoding = 4; lastKnownFileType = sourcecode.c.objc; path = CCButton.m; sourceTree = "<group>"; };
		6F843E801CDBCBD0008B2EC4 /* CCWidget.h */ = {isa = PBXFileReference; fileEncoding = 4; lastKnownFileType = sourcecode.c.h; path = CCWidget.h; sourceTree = "<group>"; };
		6F843E811CDBCBD0008B2EC4 /* CCWidget.m */ = {isa = PBXFileReference; fileEncoding = 4; lastKnownFileType = sourcecode.c.objc; path = CCWidget.m; sourceTree = "<group>"; };
		6FC241911CDB58D5009A3AAD /* CCButton.ccbPlugNode */ = {isa = PBXFileReference; explicitFileType = wrapper.cfbundle; includeInIndex = 0; path = CCButton.ccbPlugNode; sourceTree = BUILT_PRODUCTS_DIR; };
		6FC241941CDB5922009A3AAD /* CCBPProperties.plist */ = {isa = PBXFileReference; fileEncoding = 4; lastKnownFileType = text.plist.xml; path = CCBPProperties.plist; sourceTree = "<group>"; };
		6FC241981CDB5922009A3AAD /* CCBPProperties.plist */ = {isa = PBXFileReference; fileEncoding = 4; lastKnownFileType = text.plist.xml; path = CCBPProperties.plist; sourceTree = "<group>"; };
		6FC2419D1CDB5922009A3AAD /* en */ = {isa = PBXFileReference; lastKnownFileType = text.plist.strings; name = en; path = InfoPlist.strings; sourceTree = "<group>"; };
		6FC2419E1CDB5922009A3AAD /* Info.plist */ = {isa = PBXFileReference; fileEncoding = 4; lastKnownFileType = text.plist.xml; path = Info.plist; sourceTree = "<group>"; };
		6FC2419F1CDB5922009A3AAD /* PlugIn-Prefix.pch */ = {isa = PBXFileReference; fileEncoding = 4; lastKnownFileType = sourcecode.c.h; path = "PlugIn-Prefix.pch"; sourceTree = "<group>"; };
		6FD294061CE19DFE009ECBFA /* CCBPProperties.plist */ = {isa = PBXFileReference; fileEncoding = 4; lastKnownFileType = text.plist.xml; name = CCBPProperties.plist; path = CCNodeV3/CCBPProperties.plist; sourceTree = "<group>"; };
		6FD294071CE19DFE009ECBFA /* CCNodeV3.h */ = {isa = PBXFileReference; fileEncoding = 4; lastKnownFileType = sourcecode.c.h; name = CCNodeV3.h; path = CCNodeV3/CCNodeV3.h; sourceTree = "<group>"; };
		6FD294081CE19DFE009ECBFA /* CCNodeV3.m */ = {isa = PBXFileReference; fileEncoding = 4; lastKnownFileType = sourcecode.c.objc; name = CCNodeV3.m; path = CCNodeV3/CCNodeV3.m; sourceTree = "<group>"; };
		6FD2941D1CE1A10F009ECBFA /* CCNodeV3.ccbPlugNode */ = {isa = PBXFileReference; explicitFileType = wrapper.cfbundle; includeInIndex = 0; path = CCNodeV3.ccbPlugNode; sourceTree = BUILT_PRODUCTS_DIR; };
		6FD294401CE1B8A2009ECBFA /* libcocos2d-ui.a */ = {isa = PBXFileReference; explicitFileType = archive.ar; includeInIndex = 0; path = "libcocos2d-ui.a"; sourceTree = BUILT_PRODUCTS_DIR; };
		E3DEFB1014FFD66C00B98586 /* CCWidget.ccbPlugNode */ = {isa = PBXFileReference; explicitFileType = wrapper.cfbundle; includeInIndex = 0; path = CCWidget.ccbPlugNode; sourceTree = BUILT_PRODUCTS_DIR; };
		E3DEFB1314FFD66C00B98586 /* Cocoa.framework */ = {isa = PBXFileReference; lastKnownFileType = wrapper.framework; name = Cocoa.framework; path = System/Library/Frameworks/Cocoa.framework; sourceTree = SDKROOT; };
		E3DEFB1614FFD66C00B98586 /* AppKit.framework */ = {isa = PBXFileReference; lastKnownFileType = wrapper.framework; name = AppKit.framework; path = System/Library/Frameworks/AppKit.framework; sourceTree = SDKROOT; };
		E3DEFB1714FFD66C00B98586 /* CoreData.framework */ = {isa = PBXFileReference; lastKnownFileType = wrapper.framework; name = CoreData.framework; path = System/Library/Frameworks/CoreData.framework; sourceTree = SDKROOT; };
		E3DEFB1814FFD66C00B98586 /* Foundation.framework */ = {isa = PBXFileReference; lastKnownFileType = wrapper.framework; name = Foundation.framework; path = System/Library/Frameworks/Foundation.framework; sourceTree = SDKROOT; };
		E3DEFB2814FFD74500B98586 /* CCAction.h */ = {isa = PBXFileReference; fileEncoding = 4; lastKnownFileType = sourcecode.c.h; path = CCAction.h; sourceTree = "<group>"; };
		E3DEFB2A14FFD74500B98586 /* CCActionCamera.h */ = {isa = PBXFileReference; fileEncoding = 4; lastKnownFileType = sourcecode.c.h; path = CCActionCamera.h; sourceTree = "<group>"; };
		E3DEFB2C14FFD74500B98586 /* CCActionEase.h */ = {isa = PBXFileReference; fileEncoding = 4; lastKnownFileType = sourcecode.c.h; path = CCActionEase.h; sourceTree = "<group>"; };
		E3DEFB2E14FFD74500B98586 /* CCActionGrid.h */ = {isa = PBXFileReference; fileEncoding = 4; lastKnownFileType = sourcecode.c.h; path = CCActionGrid.h; sourceTree = "<group>"; };
		E3DEFB3014FFD74500B98586 /* CCActionGrid3D.h */ = {isa = PBXFileReference; fileEncoding = 4; lastKnownFileType = sourcecode.c.h; path = CCActionGrid3D.h; sourceTree = "<group>"; };
		E3DEFB3214FFD74500B98586 /* CCActionInstant.h */ = {isa = PBXFileReference; fileEncoding = 4; lastKnownFileType = sourcecode.c.h; path = CCActionInstant.h; sourceTree = "<group>"; };
		E3DEFB3414FFD74500B98586 /* CCActionInterval.h */ = {isa = PBXFileReference; fileEncoding = 4; lastKnownFileType = sourcecode.c.h; path = CCActionInterval.h; sourceTree = "<group>"; };
		E3DEFB3614FFD74500B98586 /* CCActionManager.h */ = {isa = PBXFileReference; fileEncoding = 4; lastKnownFileType = sourcecode.c.h; path = CCActionManager.h; sourceTree = "<group>"; };
		E3DEFB3814FFD74500B98586 /* CCActionPageTurn3D.h */ = {isa = PBXFileReference; fileEncoding = 4; lastKnownFileType = sourcecode.c.h; path = CCActionPageTurn3D.h; sourceTree = "<group>"; };
		E3DEFB3A14FFD74500B98586 /* CCActionProgressTimer.h */ = {isa = PBXFileReference; fileEncoding = 4; lastKnownFileType = sourcecode.c.h; path = CCActionProgressTimer.h; sourceTree = "<group>"; };
		E3DEFB3C14FFD74500B98586 /* CCActionTiledGrid.h */ = {isa = PBXFileReference; fileEncoding = 4; lastKnownFileType = sourcecode.c.h; path = CCActionTiledGrid.h; sourceTree = "<group>"; };
		E3DEFB3E14FFD74500B98586 /* CCActionTween.h */ = {isa = PBXFileReference; fileEncoding = 4; lastKnownFileType = sourcecode.c.h; path = CCActionTween.h; sourceTree = "<group>"; };
		E3DEFB4014FFD74500B98586 /* CCAnimation.h */ = {isa = PBXFileReference; fileEncoding = 4; lastKnownFileType = sourcecode.c.h; path = CCAnimation.h; sourceTree = "<group>"; };
		E3DEFB4214FFD74500B98586 /* CCAnimationCache.h */ = {isa = PBXFileReference; fileEncoding = 4; lastKnownFileType = sourcecode.c.h; path = CCAnimationCache.h; sourceTree = "<group>"; };
		E3DEFB4414FFD74500B98586 /* CCAtlasNode.h */ = {isa = PBXFileReference; fileEncoding = 4; lastKnownFileType = sourcecode.c.h; path = CCAtlasNode.h; sourceTree = "<group>"; };
		E3DEFB4614FFD74500B98586 /* CCCamera.h */ = {isa = PBXFileReference; fileEncoding = 4; lastKnownFileType = sourcecode.c.h; path = CCCamera.h; sourceTree = "<group>"; };
		E3DEFB4814FFD74500B98586 /* ccConfig.h */ = {isa = PBXFileReference; fileEncoding = 4; lastKnownFileType = sourcecode.c.h; path = ccConfig.h; sourceTree = "<group>"; };
		E3DEFB4914FFD74500B98586 /* CCConfiguration.h */ = {isa = PBXFileReference; fileEncoding = 4; lastKnownFileType = sourcecode.c.h; path = CCConfiguration.h; sourceTree = "<group>"; };
		E3DEFB4B14FFD74500B98586 /* ccDeprecated.h */ = {isa = PBXFileReference; fileEncoding = 4; lastKnownFileType = sourcecode.c.h; path = ccDeprecated.h; sourceTree = "<group>"; };
		E3DEFB4D14FFD74500B98586 /* CCDirector.h */ = {isa = PBXFileReference; fileEncoding = 4; lastKnownFileType = sourcecode.c.h; path = CCDirector.h; sourceTree = "<group>"; };
		E3DEFB4F14FFD74500B98586 /* CCDrawingPrimitives.h */ = {isa = PBXFileReference; fileEncoding = 4; lastKnownFileType = sourcecode.c.h; path = CCDrawingPrimitives.h; sourceTree = "<group>"; };
		E3DEFB5114FFD74500B98586 /* CCGLProgram.h */ = {isa = PBXFileReference; fileEncoding = 4; lastKnownFileType = sourcecode.c.h; path = CCGLProgram.h; sourceTree = "<group>"; };
		E3DEFB5314FFD74500B98586 /* ccGLStateCache.h */ = {isa = PBXFileReference; fileEncoding = 4; lastKnownFileType = sourcecode.c.h; path = ccGLStateCache.h; sourceTree = "<group>"; };
		E3DEFB5514FFD74500B98586 /* CCGrabber.h */ = {isa = PBXFileReference; fileEncoding = 4; lastKnownFileType = sourcecode.c.h; path = CCGrabber.h; sourceTree = "<group>"; };
		E3DEFB5714FFD74500B98586 /* CCGrid.h */ = {isa = PBXFileReference; fileEncoding = 4; lastKnownFileType = sourcecode.c.h; path = CCGrid.h; sourceTree = "<group>"; };
		E3DEFB5914FFD74500B98586 /* CCLabelAtlas.h */ = {isa = PBXFileReference; fileEncoding = 4; lastKnownFileType = sourcecode.c.h; path = CCLabelAtlas.h; sourceTree = "<group>"; };
		E3DEFB5B14FFD74500B98586 /* CCLabelBMFont.h */ = {isa = PBXFileReference; fileEncoding = 4; lastKnownFileType = sourcecode.c.h; path = CCLabelBMFont.h; sourceTree = "<group>"; };
		E3DEFB5D14FFD74500B98586 /* CCLabelTTF.h */ = {isa = PBXFileReference; fileEncoding = 4; lastKnownFileType = sourcecode.c.h; path = CCLabelTTF.h; sourceTree = "<group>"; };
		E3DEFB5F14FFD74500B98586 /* CCLayer.h */ = {isa = PBXFileReference; fileEncoding = 4; lastKnownFileType = sourcecode.c.h; path = CCLayer.h; sourceTree = "<group>"; xcLanguageSpecificationIdentifier = xcode.lang.objcpp; };
		E3DEFB6114FFD74500B98586 /* ccMacros.h */ = {isa = PBXFileReference; fileEncoding = 4; lastKnownFileType = sourcecode.c.h; path = ccMacros.h; sourceTree = "<group>"; };
		E3DEFB6214FFD74500B98586 /* CCMenu.h */ = {isa = PBXFileReference; fileEncoding = 4; lastKnownFileType = sourcecode.c.h; path = CCMenu.h; sourceTree = "<group>"; };
		E3DEFB6414FFD74500B98586 /* CCMenuItem.h */ = {isa = PBXFileReference; fileEncoding = 4; lastKnownFileType = sourcecode.c.h; path = CCMenuItem.h; sourceTree = "<group>"; };
		E3DEFB6614FFD74500B98586 /* CCMotionStreak.h */ = {isa = PBXFileReference; fileEncoding = 4; lastKnownFileType = sourcecode.c.h; path = CCMotionStreak.h; sourceTree = "<group>"; };
		E3DEFB6814FFD74500B98586 /* CCNode.h */ = {isa = PBXFileReference; fileEncoding = 4; lastKnownFileType = sourcecode.c.h; path = CCNode.h; sourceTree = "<group>"; };
		E3DEFB6A14FFD74500B98586 /* CCParallaxNode.h */ = {isa = PBXFileReference; fileEncoding = 4; lastKnownFileType = sourcecode.c.h; path = CCParallaxNode.h; sourceTree = "<group>"; };
		E3DEFB6C14FFD74500B98586 /* CCParticleBatchNode.h */ = {isa = PBXFileReference; fileEncoding = 4; lastKnownFileType = sourcecode.c.h; path = CCParticleBatchNode.h; sourceTree = "<group>"; };
		E3DEFB6E14FFD74500B98586 /* CCParticleExamples.h */ = {isa = PBXFileReference; fileEncoding = 4; lastKnownFileType = sourcecode.c.h; path = CCParticleExamples.h; sourceTree = "<group>"; };
		E3DEFB7014FFD74500B98586 /* CCParticleSystem.h */ = {isa = PBXFileReference; fileEncoding = 4; lastKnownFileType = sourcecode.c.h; path = CCParticleSystem.h; sourceTree = "<group>"; };
		E3DEFB7214FFD74500B98586 /* CCParticleSystemQuad.h */ = {isa = PBXFileReference; fileEncoding = 4; lastKnownFileType = sourcecode.c.h; path = CCParticleSystemQuad.h; sourceTree = "<group>"; };
		E3DEFB7414FFD74500B98586 /* CCProgressTimer.h */ = {isa = PBXFileReference; fileEncoding = 4; lastKnownFileType = sourcecode.c.h; path = CCProgressTimer.h; sourceTree = "<group>"; };
		E3DEFB7614FFD74500B98586 /* CCProtocols.h */ = {isa = PBXFileReference; fileEncoding = 4; lastKnownFileType = sourcecode.c.h; path = CCProtocols.h; sourceTree = "<group>"; xcLanguageSpecificationIdentifier = xcode.lang.objcpp; };
		E3DEFB7714FFD74500B98586 /* CCRenderTexture.h */ = {isa = PBXFileReference; fileEncoding = 4; lastKnownFileType = sourcecode.c.h; path = CCRenderTexture.h; sourceTree = "<group>"; };
		E3DEFB7914FFD74500B98586 /* CCScene.h */ = {isa = PBXFileReference; fileEncoding = 4; lastKnownFileType = sourcecode.c.h; path = CCScene.h; sourceTree = "<group>"; };
		E3DEFB7B14FFD74500B98586 /* CCScheduler.h */ = {isa = PBXFileReference; fileEncoding = 4; lastKnownFileType = sourcecode.c.h; path = CCScheduler.h; sourceTree = "<group>"; };
		E3DEFB7D14FFD74500B98586 /* CCShaderCache.h */ = {isa = PBXFileReference; fileEncoding = 4; lastKnownFileType = sourcecode.c.h; path = CCShaderCache.h; sourceTree = "<group>"; };
		E3DEFB7F14FFD74500B98586 /* CCSprite.h */ = {isa = PBXFileReference; fileEncoding = 4; lastKnownFileType = sourcecode.c.h; path = CCSprite.h; sourceTree = "<group>"; xcLanguageSpecificationIdentifier = xcode.lang.objcpp; };
		E3DEFB8114FFD74500B98586 /* CCSpriteBatchNode.h */ = {isa = PBXFileReference; fileEncoding = 4; lastKnownFileType = sourcecode.c.h; path = CCSpriteBatchNode.h; sourceTree = "<group>"; };
		E3DEFB8314FFD74500B98586 /* CCSpriteFrame.h */ = {isa = PBXFileReference; fileEncoding = 4; lastKnownFileType = sourcecode.c.h; path = CCSpriteFrame.h; sourceTree = "<group>"; };
		E3DEFB8514FFD74500B98586 /* CCSpriteFrameCache.h */ = {isa = PBXFileReference; fileEncoding = 4; lastKnownFileType = sourcecode.c.h; path = CCSpriteFrameCache.h; sourceTree = "<group>"; };
		E3DEFB8714FFD74500B98586 /* CCTexture2D.h */ = {isa = PBXFileReference; fileEncoding = 4; lastKnownFileType = sourcecode.c.h; path = CCTexture2D.h; sourceTree = "<group>"; };
		E3DEFB8914FFD74500B98586 /* CCTextureAtlas.h */ = {isa = PBXFileReference; fileEncoding = 4; lastKnownFileType = sourcecode.c.h; path = CCTextureAtlas.h; sourceTree = "<group>"; };
		E3DEFB8B14FFD74500B98586 /* CCTextureCache.h */ = {isa = PBXFileReference; fileEncoding = 4; lastKnownFileType = sourcecode.c.h; path = CCTextureCache.h; sourceTree = "<group>"; };
		E3DEFB8D14FFD74500B98586 /* CCTexturePVR.h */ = {isa = PBXFileReference; fileEncoding = 4; lastKnownFileType = sourcecode.c.h; path = CCTexturePVR.h; sourceTree = "<group>"; };
		E3DEFB8F14FFD74500B98586 /* CCTileMapAtlas.h */ = {isa = PBXFileReference; fileEncoding = 4; lastKnownFileType = sourcecode.c.h; path = CCTileMapAtlas.h; sourceTree = "<group>"; };
		E3DEFB9114FFD74500B98586 /* CCTMXLayer.h */ = {isa = PBXFileReference; fileEncoding = 4; lastKnownFileType = sourcecode.c.h; path = CCTMXLayer.h; sourceTree = "<group>"; };
		E3DEFB9314FFD74500B98586 /* CCTMXObjectGroup.h */ = {isa = PBXFileReference; fileEncoding = 4; lastKnownFileType = sourcecode.c.h; path = CCTMXObjectGroup.h; sourceTree = "<group>"; };
		E3DEFB9514FFD74500B98586 /* CCTMXTiledMap.h */ = {isa = PBXFileReference; fileEncoding = 4; lastKnownFileType = sourcecode.c.h; path = CCTMXTiledMap.h; sourceTree = "<group>"; };
		E3DEFB9714FFD74500B98586 /* CCTMXXMLParser.h */ = {isa = PBXFileReference; fileEncoding = 4; lastKnownFileType = sourcecode.c.h; path = CCTMXXMLParser.h; sourceTree = "<group>"; };
		E3DEFB9914FFD74500B98586 /* CCTransition.h */ = {isa = PBXFileReference; fileEncoding = 4; lastKnownFileType = sourcecode.c.h; path = CCTransition.h; sourceTree = "<group>"; };
		E3DEFB9B14FFD74500B98586 /* CCTransitionPageTurn.h */ = {isa = PBXFileReference; fileEncoding = 4; lastKnownFileType = sourcecode.c.h; path = CCTransitionPageTurn.h; sourceTree = "<group>"; };
		E3DEFB9D14FFD74500B98586 /* CCTransitionProgress.h */ = {isa = PBXFileReference; fileEncoding = 4; lastKnownFileType = sourcecode.c.h; path = CCTransitionProgress.h; sourceTree = "<group>"; };
		E3DEFB9F14FFD74500B98586 /* ccTypes.h */ = {isa = PBXFileReference; fileEncoding = 4; lastKnownFileType = sourcecode.c.h; path = ccTypes.h; sourceTree = "<group>"; };
		E3DEFBA014FFD74500B98586 /* cocos2d.h */ = {isa = PBXFileReference; fileEncoding = 4; lastKnownFileType = sourcecode.c.h; path = cocos2d.h; sourceTree = "<group>"; };
		E3DEFBA314FFD74500B98586 /* CCGL.h */ = {isa = PBXFileReference; fileEncoding = 4; lastKnownFileType = sourcecode.c.h; path = CCGL.h; sourceTree = "<group>"; };
		E3DEFBA414FFD74500B98586 /* CCNS.h */ = {isa = PBXFileReference; fileEncoding = 4; lastKnownFileType = sourcecode.c.h; path = CCNS.h; sourceTree = "<group>"; };
		E3DEFBA614FFD74500B98586 /* CCDirectorIOS.h */ = {isa = PBXFileReference; fileEncoding = 4; lastKnownFileType = sourcecode.c.h; path = CCDirectorIOS.h; sourceTree = "<group>"; };
		E3DEFBA814FFD74500B98586 /* CCES2Renderer.h */ = {isa = PBXFileReference; fileEncoding = 4; lastKnownFileType = sourcecode.c.h; path = CCES2Renderer.h; sourceTree = "<group>"; };
		E3DEFBAA14FFD74500B98586 /* CCESRenderer.h */ = {isa = PBXFileReference; fileEncoding = 4; lastKnownFileType = sourcecode.c.h; path = CCESRenderer.h; sourceTree = "<group>"; };
		E3DEFBAB14FFD74500B98586 /* CCGLView.h */ = {isa = PBXFileReference; fileEncoding = 4; lastKnownFileType = sourcecode.c.h; path = CCGLView.h; sourceTree = "<group>"; };
		E3DEFBAD14FFD74500B98586 /* CCTouchDelegateProtocol.h */ = {isa = PBXFileReference; fileEncoding = 4; lastKnownFileType = sourcecode.c.h; path = CCTouchDelegateProtocol.h; sourceTree = "<group>"; };
		E3DEFBAE14FFD74500B98586 /* CCTouchDispatcher.h */ = {isa = PBXFileReference; fileEncoding = 4; lastKnownFileType = sourcecode.c.h; path = CCTouchDispatcher.h; sourceTree = "<group>"; };
		E3DEFBB014FFD74500B98586 /* CCTouchHandler.h */ = {isa = PBXFileReference; fileEncoding = 4; lastKnownFileType = sourcecode.c.h; path = CCTouchHandler.h; sourceTree = "<group>"; };
		E3DEFBB314FFD74500B98586 /* CCDirectorMac.h */ = {isa = PBXFileReference; fileEncoding = 4; lastKnownFileType = sourcecode.c.h; path = CCDirectorMac.h; sourceTree = "<group>"; };
		E3DEFBB514FFD74500B98586 /* CCEventDispatcher.h */ = {isa = PBXFileReference; fileEncoding = 4; lastKnownFileType = sourcecode.c.h; path = CCEventDispatcher.h; sourceTree = "<group>"; };
		E3DEFBB714FFD74500B98586 /* CCGLView.h */ = {isa = PBXFileReference; fileEncoding = 4; lastKnownFileType = sourcecode.c.h; path = CCGLView.h; sourceTree = "<group>"; };
		E3DEFBB914FFD74500B98586 /* CCWindow.h */ = {isa = PBXFileReference; fileEncoding = 4; lastKnownFileType = sourcecode.c.h; path = CCWindow.h; sourceTree = "<group>"; };
		E3DEFBBD14FFD74500B98586 /* base64.h */ = {isa = PBXFileReference; fileEncoding = 4; lastKnownFileType = sourcecode.c.h; path = base64.h; sourceTree = "<group>"; };
		E3DEFBBE14FFD74500B98586 /* CCArray.h */ = {isa = PBXFileReference; fileEncoding = 4; lastKnownFileType = sourcecode.c.h; path = CCArray.h; sourceTree = "<group>"; };
		E3DEFBC014FFD74500B98586 /* ccCArray.h */ = {isa = PBXFileReference; fileEncoding = 4; lastKnownFileType = sourcecode.c.h; path = ccCArray.h; sourceTree = "<group>"; };
		E3DEFBC114FFD74500B98586 /* CCFileUtils.h */ = {isa = PBXFileReference; fileEncoding = 4; lastKnownFileType = sourcecode.c.h; path = CCFileUtils.h; sourceTree = "<group>"; };
		E3DEFBC314FFD74500B98586 /* CCProfiling.h */ = {isa = PBXFileReference; fileEncoding = 4; lastKnownFileType = sourcecode.c.h; path = CCProfiling.h; sourceTree = "<group>"; };
		E3DEFBC614FFD74500B98586 /* ccUtils.h */ = {isa = PBXFileReference; fileEncoding = 4; lastKnownFileType = sourcecode.c.h; path = ccUtils.h; sourceTree = "<group>"; };
		E3DEFBC714FFD74500B98586 /* CCVertex.h */ = {isa = PBXFileReference; fileEncoding = 4; lastKnownFileType = sourcecode.c.h; path = CCVertex.h; sourceTree = "<group>"; };
		E3DEFBC914FFD74500B98586 /* CGPointExtension.h */ = {isa = PBXFileReference; fileEncoding = 4; lastKnownFileType = sourcecode.c.h; path = CGPointExtension.h; sourceTree = "<group>"; };
		E3DEFBCB14FFD74500B98586 /* OpenGL_Internal.h */ = {isa = PBXFileReference; fileEncoding = 4; lastKnownFileType = sourcecode.c.h; path = OpenGL_Internal.h; sourceTree = "<group>"; };
		E3DEFBCC14FFD74500B98586 /* TGAlib.h */ = {isa = PBXFileReference; fileEncoding = 4; lastKnownFileType = sourcecode.c.h; path = TGAlib.h; sourceTree = "<group>"; };
		E3DEFBCE14FFD74500B98586 /* TransformUtils.h */ = {isa = PBXFileReference; fileEncoding = 4; lastKnownFileType = sourcecode.c.h; path = TransformUtils.h; sourceTree = "<group>"; };
		E3DEFBD014FFD74500B98586 /* uthash.h */ = {isa = PBXFileReference; fileEncoding = 4; lastKnownFileType = sourcecode.c.h; path = uthash.h; sourceTree = "<group>"; };
		E3DEFBD114FFD74500B98586 /* utlist.h */ = {isa = PBXFileReference; fileEncoding = 4; lastKnownFileType = sourcecode.c.h; path = utlist.h; sourceTree = "<group>"; };
		E3DEFBD214FFD74500B98586 /* ZipUtils.h */ = {isa = PBXFileReference; fileEncoding = 4; lastKnownFileType = sourcecode.c.h; path = ZipUtils.h; sourceTree = "<group>"; };
		E3DEFBD714FFD74500B98586 /* aabb.h */ = {isa = PBXFileReference; fileEncoding = 4; lastKnownFileType = sourcecode.c.h; path = aabb.h; sourceTree = "<group>"; };
		E3DEFBD914FFD74500B98586 /* mat4stack.h */ = {isa = PBXFileReference; fileEncoding = 4; lastKnownFileType = sourcecode.c.h; path = mat4stack.h; sourceTree = "<group>"; };
		E3DEFBDA14FFD74500B98586 /* matrix.h */ = {isa = PBXFileReference; fileEncoding = 4; lastKnownFileType = sourcecode.c.h; path = matrix.h; sourceTree = "<group>"; };
		E3DEFBDB14FFD74500B98586 /* kazmath.h */ = {isa = PBXFileReference; fileEncoding = 4; lastKnownFileType = sourcecode.c.h; path = kazmath.h; sourceTree = "<group>"; };
		E3DEFBDC14FFD74500B98586 /* mat3.h */ = {isa = PBXFileReference; fileEncoding = 4; lastKnownFileType = sourcecode.c.h; path = mat3.h; sourceTree = "<group>"; };
		E3DEFBDD14FFD74500B98586 /* mat4.h */ = {isa = PBXFileReference; fileEncoding = 4; lastKnownFileType = sourcecode.c.h; path = mat4.h; sourceTree = "<group>"; };
		E3DEFBDE14FFD74500B98586 /* neon_matrix_impl.h */ = {isa = PBXFileReference; fileEncoding = 4; lastKnownFileType = sourcecode.c.h; path = neon_matrix_impl.h; sourceTree = "<group>"; };
		E3DEFBDF14FFD74500B98586 /* plane.h */ = {isa = PBXFileReference; fileEncoding = 4; lastKnownFileType = sourcecode.c.h; path = plane.h; sourceTree = "<group>"; };
		E3DEFBE014FFD74500B98586 /* quaternion.h */ = {isa = PBXFileReference; fileEncoding = 4; lastKnownFileType = sourcecode.c.h; path = quaternion.h; sourceTree = "<group>"; };
		E3DEFBE114FFD74500B98586 /* ray2.h */ = {isa = PBXFileReference; fileEncoding = 4; lastKnownFileType = sourcecode.c.h; path = ray2.h; sourceTree = "<group>"; };
		E3DEFBE214FFD74500B98586 /* utility.h */ = {isa = PBXFileReference; fileEncoding = 4; lastKnownFileType = sourcecode.c.h; path = utility.h; sourceTree = "<group>"; };
		E3DEFBE314FFD74500B98586 /* vec2.h */ = {isa = PBXFileReference; fileEncoding = 4; lastKnownFileType = sourcecode.c.h; path = vec2.h; sourceTree = "<group>"; };
		E3DEFBE414FFD74500B98586 /* vec3.h */ = {isa = PBXFileReference; fileEncoding = 4; lastKnownFileType = sourcecode.c.h; path = vec3.h; sourceTree = "<group>"; };
		E3DEFBE514FFD74500B98586 /* vec4.h */ = {isa = PBXFileReference; fileEncoding = 4; lastKnownFileType = sourcecode.c.h; path = vec4.h; sourceTree = "<group>"; };
/* End PBXFileReference section */

/* Begin PBXFrameworksBuildPhase section */
		6F7752731CDC9A8800BF74AF /* Frameworks */ = {
			isa = PBXFrameworksBuildPhase;
			buildActionMask = 2147483647;
			files = (
				6F7752741CDC9A8800BF74AF /* Cocoa.framework in Frameworks */,
			);
			runOnlyForDeploymentPostprocessing = 0;
		};
		6F7752831CDC9A9B00BF74AF /* Frameworks */ = {
			isa = PBXFrameworksBuildPhase;
			buildActionMask = 2147483647;
			files = (
				6F7752841CDC9A9B00BF74AF /* Cocoa.framework in Frameworks */,
			);
			runOnlyForDeploymentPostprocessing = 0;
		};
		6F843E501CDB994C008B2EC4 /* Frameworks */ = {
			isa = PBXFrameworksBuildPhase;
			buildActionMask = 2147483647;
			files = (
				6F843E511CDB994C008B2EC4 /* Cocoa.framework in Frameworks */,
			);
			runOnlyForDeploymentPostprocessing = 0;
		};
		6FC241881CDB58D5009A3AAD /* Frameworks */ = {
			isa = PBXFrameworksBuildPhase;
			buildActionMask = 2147483647;
			files = (
				6FC241891CDB58D5009A3AAD /* Cocoa.framework in Frameworks */,
			);
			runOnlyForDeploymentPostprocessing = 0;
		};
		6FD294141CE1A10F009ECBFA /* Frameworks */ = {
			isa = PBXFrameworksBuildPhase;
			buildActionMask = 2147483647;
			files = (
				6FD294151CE1A10F009ECBFA /* Cocoa.framework in Frameworks */,
			);
			runOnlyForDeploymentPostprocessing = 0;
		};
		6FD2943D1CE1B8A2009ECBFA /* Frameworks */ = {
			isa = PBXFrameworksBuildPhase;
			buildActionMask = 2147483647;
			files = (
			);
			runOnlyForDeploymentPostprocessing = 0;
		};
		E3DEFB0D14FFD66C00B98586 /* Frameworks */ = {
			isa = PBXFrameworksBuildPhase;
			buildActionMask = 2147483647;
			files = (
				E3DEFB1414FFD66C00B98586 /* Cocoa.framework in Frameworks */,
			);
			runOnlyForDeploymentPostprocessing = 0;
		};
/* End PBXFrameworksBuildPhase section */

/* Begin PBXGroup section */
		6F77526D1CDC9A6A00BF74AF /* CCLayout */ = {
			isa = PBXGroup;
			children = (
				6F77528F1CDC9AE400BF74AF /* CCLayout.h */,
				6F77526E1CDC9A8200BF74AF /* CCLayout.m */,
				6F375FB11CDCAF9F00D17533 /* CCBPProperties.plist */,
			);
			name = CCLayout;
			sourceTree = "<group>";
		};
		6F7752901CDC9FC700BF74AF /* CCUIScrollView */ = {
			isa = PBXGroup;
			children = (
				6F7752931CDCA00300BF74AF /* CCUIScrollView.h */,
				6F7752911CDC9FF000BF74AF /* CCUIScrollView.m */,
			);
			name = CCUIScrollView;
			sourceTree = "<group>";
		};
		6F843E471CDB98FC008B2EC4 /* CCText */ = {
			isa = PBXGroup;
			children = (
				6F843E7A1CDBCBC1008B2EC4 /* CCText.h */,
				6F843E7B1CDBCBC1008B2EC4 /* CCText.m */,
				6F843E4A1CDB9940008B2EC4 /* CCBPProperties.plist */,
			);
			name = CCText;
			sourceTree = "<group>";
		};
		6FC241931CDB5922009A3AAD /* CCButton */ = {
			isa = PBXGroup;
			children = (
				6F843E7D1CDBCBC9008B2EC4 /* CCButton.h */,
				6F843E7E1CDBCBC9008B2EC4 /* CCButton.m */,
				6FC241941CDB5922009A3AAD /* CCBPProperties.plist */,
			);
			path = CCButton;
			sourceTree = "<group>";
		};
		6FC241971CDB5922009A3AAD /* CCWidget */ = {
			isa = PBXGroup;
			children = (
				6F843E801CDBCBD0008B2EC4 /* CCWidget.h */,
				6F843E811CDBCBD0008B2EC4 /* CCWidget.m */,
				6FC241981CDB5922009A3AAD /* CCBPProperties.plist */,
			);
			path = CCWidget;
			sourceTree = "<group>";
		};
		6FC2419B1CDB5922009A3AAD /* en.lproj */ = {
			isa = PBXGroup;
			children = (
				6FC2419C1CDB5922009A3AAD /* InfoPlist.strings */,
			);
			path = en.lproj;
			sourceTree = "<group>";
		};
		6FD294051CE19DED009ECBFA /* CCNodeV3 */ = {
			isa = PBXGroup;
			children = (
				6FD294071CE19DFE009ECBFA /* CCNodeV3.h */,
				6FD294081CE19DFE009ECBFA /* CCNodeV3.m */,
				6FD294061CE19DFE009ECBFA /* CCBPProperties.plist */,
			);
			name = CCNodeV3;
			sourceTree = "<group>";
		};
		E3DEFB0514FFD66C00B98586 = {
			isa = PBXGroup;
			children = (
				E3DEFB1914FFD66C00B98586 /* Source */,
				E3DEFB1214FFD66C00B98586 /* Frameworks */,
				E3DEFB2614FFD74500B98586 /* libs */,
				E3DEFB1114FFD66C00B98586 /* Products */,
			);
			sourceTree = "<group>";
		};
		E3DEFB1114FFD66C00B98586 /* Products */ = {
			isa = PBXGroup;
			children = (
				E3DEFB1014FFD66C00B98586 /* CCWidget.ccbPlugNode */,
				6FC241911CDB58D5009A3AAD /* CCButton.ccbPlugNode */,
				6F843E5A1CDB994C008B2EC4 /* CCText.ccbPlugNode */,
				6F77527D1CDC9A8800BF74AF /* CCLayout.ccbPlugNode */,
				6F77528D1CDC9A9B00BF74AF /* CCScrollView.ccbPlugNode */,
				6FD2941D1CE1A10F009ECBFA /* CCNodeV3.ccbPlugNode */,
				6FD294401CE1B8A2009ECBFA /* libcocos2d-ui.a */,
			);
			name = Products;
			sourceTree = "<group>";
		};
		E3DEFB1214FFD66C00B98586 /* Frameworks */ = {
			isa = PBXGroup;
			children = (
				E3DEFB1314FFD66C00B98586 /* Cocoa.framework */,
				E3DEFB1514FFD66C00B98586 /* Other Frameworks */,
			);
			name = Frameworks;
			sourceTree = "<group>";
		};
		E3DEFB1514FFD66C00B98586 /* Other Frameworks */ = {
			isa = PBXGroup;
			children = (
				E3DEFB1614FFD66C00B98586 /* AppKit.framework */,
				E3DEFB1714FFD66C00B98586 /* CoreData.framework */,
				E3DEFB1814FFD66C00B98586 /* Foundation.framework */,
			);
			name = "Other Frameworks";
			sourceTree = "<group>";
		};
		E3DEFB1914FFD66C00B98586 /* Source */ = {
			isa = PBXGroup;
			children = (
				6FD294051CE19DED009ECBFA /* CCNodeV3 */,
				6F7752901CDC9FC700BF74AF /* CCUIScrollView */,
				6F77526D1CDC9A6A00BF74AF /* CCLayout */,
				6F843E471CDB98FC008B2EC4 /* CCText */,
				6FC241931CDB5922009A3AAD /* CCButton */,
				6FC241971CDB5922009A3AAD /* CCWidget */,
				6FC2419B1CDB5922009A3AAD /* en.lproj */,
				6FC2419E1CDB5922009A3AAD /* Info.plist */,
				6FC2419F1CDB5922009A3AAD /* PlugIn-Prefix.pch */,
			);
			path = Source;
			sourceTree = "<group>";
		};
		E3DEFB2614FFD74500B98586 /* libs */ = {
			isa = PBXGroup;
			children = (
				E3DEFB2714FFD74500B98586 /* cocos2d */,
				E3DEFBD414FFD74500B98586 /* kazmath */,
			);
			path = libs;
			sourceTree = "<group>";
		};
		E3DEFB2714FFD74500B98586 /* cocos2d */ = {
			isa = PBXGroup;
			children = (
				E3DEFB2814FFD74500B98586 /* CCAction.h */,
				E3DEFB2A14FFD74500B98586 /* CCActionCamera.h */,
				E3DEFB2C14FFD74500B98586 /* CCActionEase.h */,
				E3DEFB2E14FFD74500B98586 /* CCActionGrid.h */,
				E3DEFB3014FFD74500B98586 /* CCActionGrid3D.h */,
				E3DEFB3214FFD74500B98586 /* CCActionInstant.h */,
				E3DEFB3414FFD74500B98586 /* CCActionInterval.h */,
				E3DEFB3614FFD74500B98586 /* CCActionManager.h */,
				E3DEFB3814FFD74500B98586 /* CCActionPageTurn3D.h */,
				E3DEFB3A14FFD74500B98586 /* CCActionProgressTimer.h */,
				E3DEFB3C14FFD74500B98586 /* CCActionTiledGrid.h */,
				E3DEFB3E14FFD74500B98586 /* CCActionTween.h */,
				E3DEFB4014FFD74500B98586 /* CCAnimation.h */,
				E3DEFB4214FFD74500B98586 /* CCAnimationCache.h */,
				E3DEFB4414FFD74500B98586 /* CCAtlasNode.h */,
				E3DEFB4614FFD74500B98586 /* CCCamera.h */,
				E3DEFB4814FFD74500B98586 /* ccConfig.h */,
				E3DEFB4914FFD74500B98586 /* CCConfiguration.h */,
				E3DEFB4B14FFD74500B98586 /* ccDeprecated.h */,
				E3DEFB4D14FFD74500B98586 /* CCDirector.h */,
				E3DEFB4F14FFD74500B98586 /* CCDrawingPrimitives.h */,
				E3DEFB5114FFD74500B98586 /* CCGLProgram.h */,
				E3DEFB5314FFD74500B98586 /* ccGLStateCache.h */,
				E3DEFB5514FFD74500B98586 /* CCGrabber.h */,
				E3DEFB5714FFD74500B98586 /* CCGrid.h */,
				E3DEFB5914FFD74500B98586 /* CCLabelAtlas.h */,
				E3DEFB5B14FFD74500B98586 /* CCLabelBMFont.h */,
				E3DEFB5D14FFD74500B98586 /* CCLabelTTF.h */,
				E3DEFB5F14FFD74500B98586 /* CCLayer.h */,
				E3DEFB6114FFD74500B98586 /* ccMacros.h */,
				E3DEFB6214FFD74500B98586 /* CCMenu.h */,
				E3DEFB6414FFD74500B98586 /* CCMenuItem.h */,
				E3DEFB6614FFD74500B98586 /* CCMotionStreak.h */,
				E3DEFB6814FFD74500B98586 /* CCNode.h */,
				E3DEFB6A14FFD74500B98586 /* CCParallaxNode.h */,
				E3DEFB6C14FFD74500B98586 /* CCParticleBatchNode.h */,
				E3DEFB6E14FFD74500B98586 /* CCParticleExamples.h */,
				E3DEFB7014FFD74500B98586 /* CCParticleSystem.h */,
				E3DEFB7214FFD74500B98586 /* CCParticleSystemQuad.h */,
				E3DEFB7414FFD74500B98586 /* CCProgressTimer.h */,
				E3DEFB7614FFD74500B98586 /* CCProtocols.h */,
				E3DEFB7714FFD74500B98586 /* CCRenderTexture.h */,
				E3DEFB7914FFD74500B98586 /* CCScene.h */,
				E3DEFB7B14FFD74500B98586 /* CCScheduler.h */,
				E3DEFB7D14FFD74500B98586 /* CCShaderCache.h */,
				E3DEFB7F14FFD74500B98586 /* CCSprite.h */,
				E3DEFB8114FFD74500B98586 /* CCSpriteBatchNode.h */,
				E3DEFB8314FFD74500B98586 /* CCSpriteFrame.h */,
				E3DEFB8514FFD74500B98586 /* CCSpriteFrameCache.h */,
				E3DEFB8714FFD74500B98586 /* CCTexture2D.h */,
				E3DEFB8914FFD74500B98586 /* CCTextureAtlas.h */,
				E3DEFB8B14FFD74500B98586 /* CCTextureCache.h */,
				E3DEFB8D14FFD74500B98586 /* CCTexturePVR.h */,
				E3DEFB8F14FFD74500B98586 /* CCTileMapAtlas.h */,
				E3DEFB9114FFD74500B98586 /* CCTMXLayer.h */,
				E3DEFB9314FFD74500B98586 /* CCTMXObjectGroup.h */,
				E3DEFB9514FFD74500B98586 /* CCTMXTiledMap.h */,
				E3DEFB9714FFD74500B98586 /* CCTMXXMLParser.h */,
				E3DEFB9914FFD74500B98586 /* CCTransition.h */,
				E3DEFB9B14FFD74500B98586 /* CCTransitionPageTurn.h */,
				E3DEFB9D14FFD74500B98586 /* CCTransitionProgress.h */,
				E3DEFB9F14FFD74500B98586 /* ccTypes.h */,
				E3DEFBA014FFD74500B98586 /* cocos2d.h */,
				E3DEFBA214FFD74500B98586 /* Platforms */,
				E3DEFBBB14FFD74500B98586 /* Support */,
			);
			path = cocos2d;
			sourceTree = "<group>";
		};
		E3DEFBA214FFD74500B98586 /* Platforms */ = {
			isa = PBXGroup;
			children = (
				E3DEFBA314FFD74500B98586 /* CCGL.h */,
				E3DEFBA414FFD74500B98586 /* CCNS.h */,
				E3DEFBA514FFD74500B98586 /* iOS */,
				E3DEFBB214FFD74500B98586 /* Mac */,
			);
			path = Platforms;
			sourceTree = "<group>";
		};
		E3DEFBA514FFD74500B98586 /* iOS */ = {
			isa = PBXGroup;
			children = (
				E3DEFBA614FFD74500B98586 /* CCDirectorIOS.h */,
				E3DEFBA814FFD74500B98586 /* CCES2Renderer.h */,
				E3DEFBAA14FFD74500B98586 /* CCESRenderer.h */,
				E3DEFBAB14FFD74500B98586 /* CCGLView.h */,
				E3DEFBAD14FFD74500B98586 /* CCTouchDelegateProtocol.h */,
				E3DEFBAE14FFD74500B98586 /* CCTouchDispatcher.h */,
				E3DEFBB014FFD74500B98586 /* CCTouchHandler.h */,
			);
			path = iOS;
			sourceTree = "<group>";
		};
		E3DEFBB214FFD74500B98586 /* Mac */ = {
			isa = PBXGroup;
			children = (
				E3DEFBB314FFD74500B98586 /* CCDirectorMac.h */,
				E3DEFBB514FFD74500B98586 /* CCEventDispatcher.h */,
				E3DEFBB714FFD74500B98586 /* CCGLView.h */,
				E3DEFBB914FFD74500B98586 /* CCWindow.h */,
			);
			path = Mac;
			sourceTree = "<group>";
		};
		E3DEFBBB14FFD74500B98586 /* Support */ = {
			isa = PBXGroup;
			children = (
				E3DEFBBD14FFD74500B98586 /* base64.h */,
				E3DEFBBE14FFD74500B98586 /* CCArray.h */,
				E3DEFBC014FFD74500B98586 /* ccCArray.h */,
				E3DEFBC114FFD74500B98586 /* CCFileUtils.h */,
				E3DEFBC314FFD74500B98586 /* CCProfiling.h */,
				E3DEFBC614FFD74500B98586 /* ccUtils.h */,
				E3DEFBC714FFD74500B98586 /* CCVertex.h */,
				E3DEFBC914FFD74500B98586 /* CGPointExtension.h */,
				E3DEFBCB14FFD74500B98586 /* OpenGL_Internal.h */,
				E3DEFBCC14FFD74500B98586 /* TGAlib.h */,
				E3DEFBCE14FFD74500B98586 /* TransformUtils.h */,
				E3DEFBD014FFD74500B98586 /* uthash.h */,
				E3DEFBD114FFD74500B98586 /* utlist.h */,
				E3DEFBD214FFD74500B98586 /* ZipUtils.h */,
			);
			path = Support;
			sourceTree = "<group>";
		};
		E3DEFBD414FFD74500B98586 /* kazmath */ = {
			isa = PBXGroup;
			children = (
				E3DEFBD514FFD74500B98586 /* include */,
			);
			path = kazmath;
			sourceTree = "<group>";
		};
		E3DEFBD514FFD74500B98586 /* include */ = {
			isa = PBXGroup;
			children = (
				E3DEFBD614FFD74500B98586 /* kazmath */,
			);
			path = include;
			sourceTree = "<group>";
		};
		E3DEFBD614FFD74500B98586 /* kazmath */ = {
			isa = PBXGroup;
			children = (
				E3DEFBD714FFD74500B98586 /* aabb.h */,
				E3DEFBD814FFD74500B98586 /* GL */,
				E3DEFBDB14FFD74500B98586 /* kazmath.h */,
				E3DEFBDC14FFD74500B98586 /* mat3.h */,
				E3DEFBDD14FFD74500B98586 /* mat4.h */,
				E3DEFBDE14FFD74500B98586 /* neon_matrix_impl.h */,
				E3DEFBDF14FFD74500B98586 /* plane.h */,
				E3DEFBE014FFD74500B98586 /* quaternion.h */,
				E3DEFBE114FFD74500B98586 /* ray2.h */,
				E3DEFBE214FFD74500B98586 /* utility.h */,
				E3DEFBE314FFD74500B98586 /* vec2.h */,
				E3DEFBE414FFD74500B98586 /* vec3.h */,
				E3DEFBE514FFD74500B98586 /* vec4.h */,
			);
			path = kazmath;
			sourceTree = "<group>";
		};
		E3DEFBD814FFD74500B98586 /* GL */ = {
			isa = PBXGroup;
			children = (
				E3DEFBD914FFD74500B98586 /* mat4stack.h */,
				E3DEFBDA14FFD74500B98586 /* matrix.h */,
			);
			path = GL;
			sourceTree = "<group>";
		};
/* End PBXGroup section */

/* Begin PBXHeadersBuildPhase section */
		6FD2943E1CE1B8A2009ECBFA /* Headers */ = {
			isa = PBXHeadersBuildPhase;
			buildActionMask = 2147483647;
			files = (
			);
			runOnlyForDeploymentPostprocessing = 0;
		};
/* End PBXHeadersBuildPhase section */

/* Begin PBXNativeTarget section */
		6F77526F1CDC9A8800BF74AF /* CCLayout */ = {
			isa = PBXNativeTarget;
			buildConfigurationList = 6F77527A1CDC9A8800BF74AF /* Build configuration list for PBXNativeTarget "CCLayout" */;
			buildPhases = (
				6F7752701CDC9A8800BF74AF /* Sources */,
				6F7752731CDC9A8800BF74AF /* Frameworks */,
				6F7752751CDC9A8800BF74AF /* Resources */,
				6F7752791CDC9A8800BF74AF /* Copy Plug-in to CocosBuilder's PlugIns folder */,
			);
			buildRules = (
			);
			dependencies = (
			);
			name = CCLayout;
			productName = CCRotatingSprite;
			productReference = 6F77527D1CDC9A8800BF74AF /* CCLayout.ccbPlugNode */;
			productType = "com.apple.product-type.bundle";
		};
		6F77527F1CDC9A9B00BF74AF /* CCScrollView */ = {
			isa = PBXNativeTarget;
			buildConfigurationList = 6F77528A1CDC9A9B00BF74AF /* Build configuration list for PBXNativeTarget "CCScrollView" */;
			buildPhases = (
				6F7752801CDC9A9B00BF74AF /* Sources */,
				6F7752831CDC9A9B00BF74AF /* Frameworks */,
				6F7752851CDC9A9B00BF74AF /* Resources */,
				6F7752891CDC9A9B00BF74AF /* Copy Plug-in to CocosBuilder's PlugIns folder */,
			);
			buildRules = (
			);
			dependencies = (
			);
			name = CCScrollView;
			productName = CCRotatingSprite;
			productReference = 6F77528D1CDC9A9B00BF74AF /* CCScrollView.ccbPlugNode */;
			productType = "com.apple.product-type.bundle";
		};
		6F843E4C1CDB994C008B2EC4 /* CCText */ = {
			isa = PBXNativeTarget;
			buildConfigurationList = 6F843E571CDB994C008B2EC4 /* Build configuration list for PBXNativeTarget "CCText" */;
			buildPhases = (
				6F843E4D1CDB994C008B2EC4 /* Sources */,
				6F843E501CDB994C008B2EC4 /* Frameworks */,
				6F843E521CDB994C008B2EC4 /* Resources */,
				6F843E561CDB994C008B2EC4 /* Copy Plug-in to CocosBuilder's PlugIns folder */,
			);
			buildRules = (
			);
			dependencies = (
			);
			name = CCText;
			productName = CCRotatingSprite;
			productReference = 6F843E5A1CDB994C008B2EC4 /* CCText.ccbPlugNode */;
			productType = "com.apple.product-type.bundle";
		};
		6FC241851CDB58D5009A3AAD /* CCButton */ = {
			isa = PBXNativeTarget;
			buildConfigurationList = 6FC2418E1CDB58D5009A3AAD /* Build configuration list for PBXNativeTarget "CCButton" */;
			buildPhases = (
				6FC241861CDB58D5009A3AAD /* Sources */,
				6FC241881CDB58D5009A3AAD /* Frameworks */,
				6FC2418A1CDB58D5009A3AAD /* Resources */,
				6FC2418D1CDB58D5009A3AAD /* Copy Plug-in to CocosBuilder's PlugIns folder */,
			);
			buildRules = (
			);
			dependencies = (
			);
			name = CCButton;
			productName = CCRotatingSprite;
			productReference = 6FC241911CDB58D5009A3AAD /* CCButton.ccbPlugNode */;
			productType = "com.apple.product-type.bundle";
		};
		6FD2940F1CE1A10F009ECBFA /* CCNodeV3 */ = {
			isa = PBXNativeTarget;
			buildConfigurationList = 6FD2941A1CE1A10F009ECBFA /* Build configuration list for PBXNativeTarget "CCNodeV3" */;
			buildPhases = (
				6FD294101CE1A10F009ECBFA /* Sources */,
				6FD294141CE1A10F009ECBFA /* Frameworks */,
				6FD294161CE1A10F009ECBFA /* Resources */,
				6FD294191CE1A10F009ECBFA /* Copy Plug-in to CocosBuilder's PlugIns folder */,
			);
			buildRules = (
			);
			dependencies = (
			);
			name = CCNodeV3;
			productName = CCRotatingSprite;
			productReference = 6FD2941D1CE1A10F009ECBFA /* CCNodeV3.ccbPlugNode */;
			productType = "com.apple.product-type.bundle";
		};
		6FD2943F1CE1B8A2009ECBFA /* cocos2d-ui */ = {
			isa = PBXNativeTarget;
			buildConfigurationList = 6FD294461CE1B8A2009ECBFA /* Build configuration list for PBXNativeTarget "cocos2d-ui" */;
			buildPhases = (
				6FD2943C1CE1B8A2009ECBFA /* Sources */,
				6FD2943D1CE1B8A2009ECBFA /* Frameworks */,
				6FD2943E1CE1B8A2009ECBFA /* Headers */,
			);
			buildRules = (
			);
			dependencies = (
			);
			name = "cocos2d-ui";
			productName = "cocos2d-ui";
			productReference = 6FD294401CE1B8A2009ECBFA /* libcocos2d-ui.a */;
			productType = "com.apple.product-type.library.static";
		};
		E3DEFB0F14FFD66C00B98586 /* CCWidget */ = {
			isa = PBXNativeTarget;
			buildConfigurationList = E3DEFB2214FFD66C00B98586 /* Build configuration list for PBXNativeTarget "CCWidget" */;
			buildPhases = (
				E3DEFB0C14FFD66C00B98586 /* Sources */,
				E3DEFB0D14FFD66C00B98586 /* Frameworks */,
				E3DEFB0E14FFD66C00B98586 /* Resources */,
				E33BC1A51510CA52009AE29A /* Copy Plug-in to CocosBuilder's PlugIns folder */,
			);
			buildRules = (
			);
			dependencies = (
			);
			name = CCWidget;
			productName = CCRotatingSprite;
			productReference = E3DEFB1014FFD66C00B98586 /* CCWidget.ccbPlugNode */;
			productType = "com.apple.product-type.bundle";
		};
/* End PBXNativeTarget section */

/* Begin PBXProject section */
		E3DEFB0714FFD66C00B98586 /* Project object */ = {
			isa = PBXProject;
			attributes = {
				LastUpgradeCheck = 0420;
				TargetAttributes = {
					6FD2943F1CE1B8A2009ECBFA = {
						CreatedOnToolsVersion = 7.3.1;
					};
				};
			};
			buildConfigurationList = E3DEFB0A14FFD66C00B98586 /* Build configuration list for PBXProject "UI" */;
			compatibilityVersion = "Xcode 3.2";
			developmentRegion = English;
			hasScannedForEncodings = 0;
			knownRegions = (
				en,
			);
			mainGroup = E3DEFB0514FFD66C00B98586;
			productRefGroup = E3DEFB1114FFD66C00B98586 /* Products */;
			projectDirPath = "";
			projectRoot = "";
			targets = (
				E3DEFB0F14FFD66C00B98586 /* CCWidget */,
				6FC241851CDB58D5009A3AAD /* CCButton */,
				6F843E4C1CDB994C008B2EC4 /* CCText */,
				6F77526F1CDC9A8800BF74AF /* CCLayout */,
				6F77527F1CDC9A9B00BF74AF /* CCScrollView */,
				6FD2940F1CE1A10F009ECBFA /* CCNodeV3 */,
				6FD2943F1CE1B8A2009ECBFA /* cocos2d-ui */,
			);
		};
/* End PBXProject section */

/* Begin PBXResourcesBuildPhase section */
		6F7752751CDC9A8800BF74AF /* Resources */ = {
			isa = PBXResourcesBuildPhase;
			buildActionMask = 2147483647;
			files = (
				6F7752781CDC9A8800BF74AF /* InfoPlist.strings in Resources */,
			);
			runOnlyForDeploymentPostprocessing = 0;
		};
		6F7752851CDC9A9B00BF74AF /* Resources */ = {
			isa = PBXResourcesBuildPhase;
			buildActionMask = 2147483647;
			files = (
				6F7752881CDC9A9B00BF74AF /* InfoPlist.strings in Resources */,
			);
			runOnlyForDeploymentPostprocessing = 0;
		};
		6F843E521CDB994C008B2EC4 /* Resources */ = {
			isa = PBXResourcesBuildPhase;
			buildActionMask = 2147483647;
			files = (
				6F843E5D1CDB996B008B2EC4 /* CCBPProperties.plist in Resources */,
				6F843E551CDB994C008B2EC4 /* InfoPlist.strings in Resources */,
			);
			runOnlyForDeploymentPostprocessing = 0;
		};
		6FC2418A1CDB58D5009A3AAD /* Resources */ = {
			isa = PBXResourcesBuildPhase;
			buildActionMask = 2147483647;
			files = (
				6FC241A11CDB5922009A3AAD /* CCBPProperties.plist in Resources */,
				6FC241A91CDB5922009A3AAD /* InfoPlist.strings in Resources */,
			);
			runOnlyForDeploymentPostprocessing = 0;
		};
		6FD294161CE1A10F009ECBFA /* Resources */ = {
			isa = PBXResourcesBuildPhase;
			buildActionMask = 2147483647;
			files = (
				6FD294741CE1BC07009ECBFA /* CCBPProperties.plist in Resources */,
				6FD294181CE1A10F009ECBFA /* InfoPlist.strings in Resources */,
			);
			runOnlyForDeploymentPostprocessing = 0;
		};
		E3DEFB0E14FFD66C00B98586 /* Resources */ = {
			isa = PBXResourcesBuildPhase;
			buildActionMask = 2147483647;
			files = (
				6FC241A41CDB5922009A3AAD /* CCBPProperties.plist in Resources */,
				6FC241A81CDB5922009A3AAD /* InfoPlist.strings in Resources */,
			);
			runOnlyForDeploymentPostprocessing = 0;
		};
/* End PBXResourcesBuildPhase section */

/* Begin PBXShellScriptBuildPhase section */
		6F7752791CDC9A8800BF74AF /* Copy Plug-in to CocosBuilder's PlugIns folder */ = {
			isa = PBXShellScriptBuildPhase;
			buildActionMask = 2147483647;
			files = (
			);
			inputPaths = (
			);
			name = "Copy Plug-in to CocosBuilder's PlugIns folder";
			outputPaths = (
			);
			runOnlyForDeploymentPostprocessing = 0;
			shellPath = /bin/sh;
			shellScript = "./../../scripts/CopyBuiltProduct.sh \"$CONFIGURATION_BUILD_DIR/\" \"$SRCROOT/../../build/CocosBuilder.app/Contents/PlugIns/\" \"$PRODUCT_NAME.ccbPlugNode\" 0";
		};
		6F7752891CDC9A9B00BF74AF /* Copy Plug-in to CocosBuilder's PlugIns folder */ = {
			isa = PBXShellScriptBuildPhase;
			buildActionMask = 2147483647;
			files = (
			);
			inputPaths = (
			);
			name = "Copy Plug-in to CocosBuilder's PlugIns folder";
			outputPaths = (
			);
			runOnlyForDeploymentPostprocessing = 0;
			shellPath = /bin/sh;
			shellScript = "./../../scripts/CopyBuiltProduct.sh \"$CONFIGURATION_BUILD_DIR/\" \"$SRCROOT/../../build/CocosBuilder.app/Contents/PlugIns/\" \"$PRODUCT_NAME.ccbPlugNode\" 0";
		};
		6F843E561CDB994C008B2EC4 /* Copy Plug-in to CocosBuilder's PlugIns folder */ = {
			isa = PBXShellScriptBuildPhase;
			buildActionMask = 2147483647;
			files = (
			);
			inputPaths = (
			);
			name = "Copy Plug-in to CocosBuilder's PlugIns folder";
			outputPaths = (
			);
			runOnlyForDeploymentPostprocessing = 0;
			shellPath = /bin/sh;
			shellScript = "./../../scripts/CopyBuiltProduct.sh \"$CONFIGURATION_BUILD_DIR/\" \"$SRCROOT/../../build/CocosBuilder.app/Contents/PlugIns/\" \"$PRODUCT_NAME.ccbPlugNode\" 0";
		};
		6FC2418D1CDB58D5009A3AAD /* Copy Plug-in to CocosBuilder's PlugIns folder */ = {
			isa = PBXShellScriptBuildPhase;
			buildActionMask = 2147483647;
			files = (
			);
			inputPaths = (
			);
			name = "Copy Plug-in to CocosBuilder's PlugIns folder";
			outputPaths = (
			);
			runOnlyForDeploymentPostprocessing = 0;
			shellPath = /bin/sh;
			shellScript = "./../../scripts/CopyBuiltProduct.sh \"$CONFIGURATION_BUILD_DIR/\" \"$SRCROOT/../../build/CocosBuilder.app/Contents/PlugIns/\" \"$PRODUCT_NAME.ccbPlugNode\" 0";
		};
		6FD294191CE1A10F009ECBFA /* Copy Plug-in to CocosBuilder's PlugIns folder */ = {
			isa = PBXShellScriptBuildPhase;
			buildActionMask = 2147483647;
			files = (
			);
			inputPaths = (
			);
			name = "Copy Plug-in to CocosBuilder's PlugIns folder";
			outputPaths = (
			);
			runOnlyForDeploymentPostprocessing = 0;
			shellPath = /bin/sh;
			shellScript = "./../../scripts/CopyBuiltProduct.sh \"$CONFIGURATION_BUILD_DIR/\" \"$SRCROOT/../../build/CocosBuilder.app/Contents/PlugIns/\" \"$PRODUCT_NAME.ccbPlugNode\" 0";
		};
		E33BC1A51510CA52009AE29A /* Copy Plug-in to CocosBuilder's PlugIns folder */ = {
			isa = PBXShellScriptBuildPhase;
			buildActionMask = 2147483647;
			files = (
			);
			inputPaths = (
			);
			name = "Copy Plug-in to CocosBuilder's PlugIns folder";
			outputPaths = (
			);
			runOnlyForDeploymentPostprocessing = 0;
			shellPath = /bin/sh;
			shellScript = "./../../scripts/CopyBuiltProduct.sh \"$CONFIGURATION_BUILD_DIR/\" \"$SRCROOT/../../build/CocosBuilder.app/Contents/PlugIns/\" \"$PRODUCT_NAME.ccbPlugNode\" 0";
		};
/* End PBXShellScriptBuildPhase section */

/* Begin PBXSourcesBuildPhase section */
		6F7752701CDC9A8800BF74AF /* Sources */ = {
			isa = PBXSourcesBuildPhase;
			buildActionMask = 2147483647;
			files = (
			);
			runOnlyForDeploymentPostprocessing = 0;
		};
		6F7752801CDC9A9B00BF74AF /* Sources */ = {
			isa = PBXSourcesBuildPhase;
			buildActionMask = 2147483647;
			files = (
			);
			runOnlyForDeploymentPostprocessing = 0;
		};
		6F843E4D1CDB994C008B2EC4 /* Sources */ = {
			isa = PBXSourcesBuildPhase;
			buildActionMask = 2147483647;
			files = (
			);
			runOnlyForDeploymentPostprocessing = 0;
		};
		6FC241861CDB58D5009A3AAD /* Sources */ = {
			isa = PBXSourcesBuildPhase;
			buildActionMask = 2147483647;
			files = (
			);
			runOnlyForDeploymentPostprocessing = 0;
		};
		6FD294101CE1A10F009ECBFA /* Sources */ = {
			isa = PBXSourcesBuildPhase;
			buildActionMask = 2147483647;
			files = (
			);
			runOnlyForDeploymentPostprocessing = 0;
		};
		6FD2943C1CE1B8A2009ECBFA /* Sources */ = {
			isa = PBXSourcesBuildPhase;
			buildActionMask = 2147483647;
			files = (
				6FD2944D1CE1B8E2009ECBFA /* CCUIScrollView.m in Sources */,
				6FD294501CE1B8E2009ECBFA /* CCButton.m in Sources */,
				6FD2944E1CE1B8E2009ECBFA /* CCLayout.m in Sources */,
				6FD2944C1CE1B8E2009ECBFA /* CCNodeV3.m in Sources */,
				6FD294511CE1B8E2009ECBFA /* CCWidget.m in Sources */,
				6FD2944F1CE1B8E2009ECBFA /* CCText.m in Sources */,
			);
			runOnlyForDeploymentPostprocessing = 0;
		};
		E3DEFB0C14FFD66C00B98586 /* Sources */ = {
			isa = PBXSourcesBuildPhase;
			buildActionMask = 2147483647;
			files = (
			);
			runOnlyForDeploymentPostprocessing = 0;
		};
/* End PBXSourcesBuildPhase section */

/* Begin PBXVariantGroup section */
		6FC2419C1CDB5922009A3AAD /* InfoPlist.strings */ = {
			isa = PBXVariantGroup;
			children = (
				6FC2419D1CDB5922009A3AAD /* en */,
			);
			name = InfoPlist.strings;
			sourceTree = "<group>";
		};
/* End PBXVariantGroup section */

/* Begin XCBuildConfiguration section */
		6F77527B1CDC9A8800BF74AF /* Debug */ = {
			isa = XCBuildConfiguration;
			buildSettings = {
				GCC_PRECOMPILE_PREFIX_HEADER = YES;
				GCC_PREFIX_HEADER = "Source/PlugIn-Prefix.pch";
				HEADER_SEARCH_PATHS = "$(SRCROOT)/../../Examples/CocosBuilderExample/libs/CCBReader/**";
				INFOPLIST_FILE = Source/Info.plist;
				INSTALL_PATH = "$(LOCAL_LIBRARY_DIR)/Bundles";
				PRODUCT_NAME = "$(TARGET_NAME)";
				WRAPPER_EXTENSION = ccbPlugNode;
			};
			name = Debug;
		};
		6F77527C1CDC9A8800BF74AF /* Release */ = {
			isa = XCBuildConfiguration;
			buildSettings = {
				GCC_PRECOMPILE_PREFIX_HEADER = YES;
				GCC_PREFIX_HEADER = "Source/PlugIn-Prefix.pch";
				HEADER_SEARCH_PATHS = "$(SRCROOT)/../../Examples/CocosBuilderExample/libs/CCBReader/**";
				INFOPLIST_FILE = Source/Info.plist;
				INSTALL_PATH = "$(LOCAL_LIBRARY_DIR)/Bundles";
				PRODUCT_NAME = "$(TARGET_NAME)";
				WRAPPER_EXTENSION = ccbPlugNode;
			};
			name = Release;
		};
		6F77528B1CDC9A9B00BF74AF /* Debug */ = {
			isa = XCBuildConfiguration;
			buildSettings = {
				GCC_PRECOMPILE_PREFIX_HEADER = YES;
				GCC_PREFIX_HEADER = "Source/PlugIn-Prefix.pch";
				HEADER_SEARCH_PATHS = "$(SRCROOT)/../../Examples/CocosBuilderExample/libs/CCBReader/**";
				INFOPLIST_FILE = Source/Info.plist;
				INSTALL_PATH = "$(LOCAL_LIBRARY_DIR)/Bundles";
				PRODUCT_NAME = "$(TARGET_NAME)";
				WRAPPER_EXTENSION = ccbPlugNode;
			};
			name = Debug;
		};
		6F77528C1CDC9A9B00BF74AF /* Release */ = {
			isa = XCBuildConfiguration;
			buildSettings = {
				GCC_PRECOMPILE_PREFIX_HEADER = YES;
				GCC_PREFIX_HEADER = "Source/PlugIn-Prefix.pch";
				HEADER_SEARCH_PATHS = "$(SRCROOT)/../../Examples/CocosBuilderExample/libs/CCBReader/**";
				INFOPLIST_FILE = Source/Info.plist;
				INSTALL_PATH = "$(LOCAL_LIBRARY_DIR)/Bundles";
				PRODUCT_NAME = "$(TARGET_NAME)";
				WRAPPER_EXTENSION = ccbPlugNode;
			};
			name = Release;
		};
		6F843E581CDB994C008B2EC4 /* Debug */ = {
			isa = XCBuildConfiguration;
			buildSettings = {
				GCC_PRECOMPILE_PREFIX_HEADER = YES;
				GCC_PREFIX_HEADER = "Source/PlugIn-Prefix.pch";
				HEADER_SEARCH_PATHS = "$(SRCROOT)/../../Examples/CocosBuilderExample/libs/CCBReader/**";
				INFOPLIST_FILE = Source/Info.plist;
				INSTALL_PATH = "$(LOCAL_LIBRARY_DIR)/Bundles";
				PRODUCT_NAME = "$(TARGET_NAME)";
				WRAPPER_EXTENSION = ccbPlugNode;
			};
			name = Debug;
		};
		6F843E591CDB994C008B2EC4 /* Release */ = {
			isa = XCBuildConfiguration;
			buildSettings = {
				GCC_PRECOMPILE_PREFIX_HEADER = YES;
				GCC_PREFIX_HEADER = "Source/PlugIn-Prefix.pch";
				HEADER_SEARCH_PATHS = "$(SRCROOT)/../../Examples/CocosBuilderExample/libs/CCBReader/**";
				INFOPLIST_FILE = Source/Info.plist;
				INSTALL_PATH = "$(LOCAL_LIBRARY_DIR)/Bundles";
				PRODUCT_NAME = "$(TARGET_NAME)";
				WRAPPER_EXTENSION = ccbPlugNode;
			};
			name = Release;
		};
		6FC2418F1CDB58D5009A3AAD /* Debug */ = {
			isa = XCBuildConfiguration;
			buildSettings = {
				GCC_PRECOMPILE_PREFIX_HEADER = YES;
				GCC_PREFIX_HEADER = "Source/PlugIn-Prefix.pch";
				HEADER_SEARCH_PATHS = "$(SRCROOT)/../../Examples/CocosBuilderExample/libs/CCBReader/**";
				INSTALL_PATH = "$(LOCAL_LIBRARY_DIR)/Bundles";
				PRODUCT_NAME = "$(TARGET_NAME)";
				WRAPPER_EXTENSION = ccbPlugNode;
			};
			name = Debug;
		};
		6FC241901CDB58D5009A3AAD /* Release */ = {
			isa = XCBuildConfiguration;
			buildSettings = {
				GCC_PRECOMPILE_PREFIX_HEADER = YES;
				GCC_PREFIX_HEADER = "Source/PlugIn-Prefix.pch";
				HEADER_SEARCH_PATHS = "$(SRCROOT)/../../Examples/CocosBuilderExample/libs/CCBReader/**";
				INSTALL_PATH = "$(LOCAL_LIBRARY_DIR)/Bundles";
				PRODUCT_NAME = "$(TARGET_NAME)";
				WRAPPER_EXTENSION = ccbPlugNode;
			};
			name = Release;
		};
		6FD2941B1CE1A10F009ECBFA /* Debug */ = {
			isa = XCBuildConfiguration;
			buildSettings = {
				GCC_PRECOMPILE_PREFIX_HEADER = YES;
				GCC_PREFIX_HEADER = "Source/PlugIn-Prefix.pch";
				HEADER_SEARCH_PATHS = "$(SRCROOT)/../../Examples/CocosBuilderExample/libs/CCBReader/**";
				INSTALL_PATH = "$(LOCAL_LIBRARY_DIR)/Bundles";
				PRODUCT_NAME = "$(TARGET_NAME)";
				WRAPPER_EXTENSION = ccbPlugNode;
			};
			name = Debug;
		};
		6FD2941C1CE1A10F009ECBFA /* Release */ = {
			isa = XCBuildConfiguration;
			buildSettings = {
				GCC_PRECOMPILE_PREFIX_HEADER = YES;
				GCC_PREFIX_HEADER = "Source/PlugIn-Prefix.pch";
				HEADER_SEARCH_PATHS = "$(SRCROOT)/../../Examples/CocosBuilderExample/libs/CCBReader/**";
				INSTALL_PATH = "$(LOCAL_LIBRARY_DIR)/Bundles";
				PRODUCT_NAME = "$(TARGET_NAME)";
				WRAPPER_EXTENSION = ccbPlugNode;
			};
			name = Release;
		};
		6FD294471CE1B8A2009ECBFA /* Debug */ = {
			isa = XCBuildConfiguration;
			buildSettings = {
				CLANG_ANALYZER_NONNULL = YES;
				CLANG_CXX_LANGUAGE_STANDARD = "gnu++0x";
				CLANG_CXX_LIBRARY = "libc++";
				CLANG_ENABLE_MODULES = YES;
				CLANG_WARN_BOOL_CONVERSION = YES;
				CLANG_WARN_CONSTANT_CONVERSION = YES;
				CLANG_WARN_DIRECT_OBJC_ISA_USAGE = YES_ERROR;
				CLANG_WARN_EMPTY_BODY = YES;
				CLANG_WARN_ENUM_CONVERSION = YES;
				CLANG_WARN_INT_CONVERSION = YES;
				CLANG_WARN_OBJC_ROOT_CLASS = YES_ERROR;
				CLANG_WARN_UNREACHABLE_CODE = YES;
				CLANG_WARN__DUPLICATE_METHOD_MATCH = YES;
				CODE_SIGN_IDENTITY = "-";
				DEBUG_INFORMATION_FORMAT = dwarf;
				ENABLE_STRICT_OBJC_MSGSEND = YES;
				ENABLE_TESTABILITY = YES;
				EXECUTABLE_PREFIX = lib;
				GCC_NO_COMMON_BLOCKS = YES;
				GCC_WARN_ABOUT_RETURN_TYPE = YES_ERROR;
				GCC_WARN_UNDECLARED_SELECTOR = YES;
				GCC_WARN_UNINITIALIZED_AUTOS = YES_AGGRESSIVE;
				GCC_WARN_UNUSED_FUNCTION = YES;
				MACOSX_DEPLOYMENT_TARGET = 10.11;
				MTL_ENABLE_DEBUG_INFO = YES;
				PRODUCT_NAME = "$(TARGET_NAME)";
			};
			name = Debug;
		};
		6FD294481CE1B8A2009ECBFA /* Release */ = {
			isa = XCBuildConfiguration;
			buildSettings = {
				CLANG_ANALYZER_NONNULL = YES;
				CLANG_CXX_LANGUAGE_STANDARD = "gnu++0x";
				CLANG_CXX_LIBRARY = "libc++";
				CLANG_ENABLE_MODULES = YES;
				CLANG_WARN_BOOL_CONVERSION = YES;
				CLANG_WARN_CONSTANT_CONVERSION = YES;
				CLANG_WARN_DIRECT_OBJC_ISA_USAGE = YES_ERROR;
				CLANG_WARN_EMPTY_BODY = YES;
				CLANG_WARN_ENUM_CONVERSION = YES;
				CLANG_WARN_INT_CONVERSION = YES;
				CLANG_WARN_OBJC_ROOT_CLASS = YES_ERROR;
				CLANG_WARN_UNREACHABLE_CODE = YES;
				CLANG_WARN__DUPLICATE_METHOD_MATCH = YES;
				CODE_SIGN_IDENTITY = "-";
				COPY_PHASE_STRIP = NO;
				ENABLE_NS_ASSERTIONS = NO;
				ENABLE_STRICT_OBJC_MSGSEND = YES;
				EXECUTABLE_PREFIX = lib;
				GCC_NO_COMMON_BLOCKS = YES;
				GCC_WARN_ABOUT_RETURN_TYPE = YES_ERROR;
				GCC_WARN_UNDECLARED_SELECTOR = YES;
				GCC_WARN_UNINITIALIZED_AUTOS = YES_AGGRESSIVE;
				GCC_WARN_UNUSED_FUNCTION = YES;
				MACOSX_DEPLOYMENT_TARGET = 10.11;
				MTL_ENABLE_DEBUG_INFO = NO;
				PRODUCT_NAME = "$(TARGET_NAME)";
			};
			name = Release;
		};
		E3DEFB2014FFD66C00B98586 /* Debug */ = {
			isa = XCBuildConfiguration;
			buildSettings = {
				ALWAYS_SEARCH_USER_PATHS = NO;
				ARCHS = "$(ARCHS_STANDARD_64_BIT)";
				COPY_PHASE_STRIP = NO;
				GCC_C_LANGUAGE_STANDARD = gnu99;
				GCC_DYNAMIC_NO_PIC = NO;
				GCC_ENABLE_OBJC_EXCEPTIONS = YES;
				GCC_OPTIMIZATION_LEVEL = 0;
				GCC_PREPROCESSOR_DEFINITIONS = (
					"DEBUG=1",
					"$(inherited)",
				);
				GCC_SYMBOLS_PRIVATE_EXTERN = NO;
				GCC_VERSION = com.apple.compilers.llvm.clang.1_0;
				GCC_WARN_64_TO_32_BIT_CONVERSION = YES;
				GCC_WARN_ABOUT_MISSING_PROTOTYPES = YES;
				GCC_WARN_ABOUT_RETURN_TYPE = YES;
				GCC_WARN_UNUSED_VARIABLE = YES;
				HEADER_SEARCH_PATHS = (
					"$(SRCROOT)/Source/**",
					"$(SRCROOT)/../../Examples/CocosBuilderExample/libs/CCBReader/**",
				);
				INFOPLIST_FILE = Source/Info.plist;
				MACOSX_DEPLOYMENT_TARGET = 10.6;
				ONLY_ACTIVE_ARCH = YES;
				OTHER_LDFLAGS = (
					"-undefined",
					dynamic_lookup,
				);
				SDKROOT = macosx;
				USER_HEADER_SEARCH_PATHS = libs/kazmath/include;
			};
			name = Debug;
		};
		E3DEFB2114FFD66C00B98586 /* Release */ = {
			isa = XCBuildConfiguration;
			buildSettings = {
				ALWAYS_SEARCH_USER_PATHS = NO;
				ARCHS = "$(ARCHS_STANDARD_64_BIT)";
				COPY_PHASE_STRIP = YES;
				DEBUG_INFORMATION_FORMAT = "dwarf-with-dsym";
				GCC_C_LANGUAGE_STANDARD = gnu99;
				GCC_ENABLE_OBJC_EXCEPTIONS = YES;
				GCC_VERSION = com.apple.compilers.llvm.clang.1_0;
				GCC_WARN_64_TO_32_BIT_CONVERSION = YES;
				GCC_WARN_ABOUT_MISSING_PROTOTYPES = YES;
				GCC_WARN_ABOUT_RETURN_TYPE = YES;
				GCC_WARN_UNUSED_VARIABLE = YES;
				HEADER_SEARCH_PATHS = (
					"$(SRCROOT)/Source/**",
					"$(SRCROOT)/../../Examples/CocosBuilderExample/libs/CCBReader/**",
				);
				INFOPLIST_FILE = Source/Info.plist;
				MACOSX_DEPLOYMENT_TARGET = 10.6;
				OTHER_LDFLAGS = (
					"-undefined",
					dynamic_lookup,
				);
				SDKROOT = macosx;
				USER_HEADER_SEARCH_PATHS = libs/kazmath/include;
			};
			name = Release;
		};
		E3DEFB2314FFD66C00B98586 /* Debug */ = {
			isa = XCBuildConfiguration;
			buildSettings = {
				GCC_PRECOMPILE_PREFIX_HEADER = YES;
				GCC_PREFIX_HEADER = "Source/PlugIn-Prefix.pch";
				HEADER_SEARCH_PATHS = "$(SRCROOT)/../../Examples/CocosBuilderExample/libs/CCBReader/**";
				INSTALL_PATH = "$(LOCAL_LIBRARY_DIR)/Bundles";
				PRODUCT_NAME = CCWidget;
				WRAPPER_EXTENSION = ccbPlugNode;
			};
			name = Debug;
		};
		E3DEFB2414FFD66C00B98586 /* Release */ = {
			isa = XCBuildConfiguration;
			buildSettings = {
				GCC_PRECOMPILE_PREFIX_HEADER = YES;
				GCC_PREFIX_HEADER = "Source/PlugIn-Prefix.pch";
				HEADER_SEARCH_PATHS = "$(SRCROOT)/../../Examples/CocosBuilderExample/libs/CCBReader/**";
				INSTALL_PATH = "$(LOCAL_LIBRARY_DIR)/Bundles";
				PRODUCT_NAME = CCWidget;
				WRAPPER_EXTENSION = ccbPlugNode;
			};
			name = Release;
		};
/* End XCBuildConfiguration section */

/* Begin XCConfigurationList section */
		6F77527A1CDC9A8800BF74AF /* Build configuration list for PBXNativeTarget "CCLayout" */ = {
			isa = XCConfigurationList;
			buildConfigurations = (
				6F77527B1CDC9A8800BF74AF /* Debug */,
				6F77527C1CDC9A8800BF74AF /* Release */,
			);
			defaultConfigurationIsVisible = 0;
			defaultConfigurationName = Release;
		};
		6F77528A1CDC9A9B00BF74AF /* Build configuration list for PBXNativeTarget "CCScrollView" */ = {
			isa = XCConfigurationList;
			buildConfigurations = (
				6F77528B1CDC9A9B00BF74AF /* Debug */,
				6F77528C1CDC9A9B00BF74AF /* Release */,
			);
			defaultConfigurationIsVisible = 0;
			defaultConfigurationName = Release;
		};
		6F843E571CDB994C008B2EC4 /* Build configuration list for PBXNativeTarget "CCText" */ = {
			isa = XCConfigurationList;
			buildConfigurations = (
				6F843E581CDB994C008B2EC4 /* Debug */,
				6F843E591CDB994C008B2EC4 /* Release */,
			);
			defaultConfigurationIsVisible = 0;
			defaultConfigurationName = Release;
		};
		6FC2418E1CDB58D5009A3AAD /* Build configuration list for PBXNativeTarget "CCButton" */ = {
			isa = XCConfigurationList;
			buildConfigurations = (
				6FC2418F1CDB58D5009A3AAD /* Debug */,
				6FC241901CDB58D5009A3AAD /* Release */,
			);
			defaultConfigurationIsVisible = 0;
			defaultConfigurationName = Release;
		};
		6FD2941A1CE1A10F009ECBFA /* Build configuration list for PBXNativeTarget "CCNodeV3" */ = {
			isa = XCConfigurationList;
			buildConfigurations = (
				6FD2941B1CE1A10F009ECBFA /* Debug */,
				6FD2941C1CE1A10F009ECBFA /* Release */,
			);
			defaultConfigurationIsVisible = 0;
			defaultConfigurationName = Release;
		};
		6FD294461CE1B8A2009ECBFA /* Build configuration list for PBXNativeTarget "cocos2d-ui" */ = {
			isa = XCConfigurationList;
			buildConfigurations = (
				6FD294471CE1B8A2009ECBFA /* Debug */,
				6FD294481CE1B8A2009ECBFA /* Release */,
			);
			defaultConfigurationIsVisible = 0;
		};
		E3DEFB0A14FFD66C00B98586 /* Build configuration list for PBXProject "UI" */ = {
			isa = XCConfigurationList;
			buildConfigurations = (
				E3DEFB2014FFD66C00B98586 /* Debug */,
				E3DEFB2114FFD66C00B98586 /* Release */,
			);
			defaultConfigurationIsVisible = 0;
			defaultConfigurationName = Release;
		};
		E3DEFB2214FFD66C00B98586 /* Build configuration list for PBXNativeTarget "CCWidget" */ = {
			isa = XCConfigurationList;
			buildConfigurations = (
				E3DEFB2314FFD66C00B98586 /* Debug */,
				E3DEFB2414FFD66C00B98586 /* Release */,
			);
			defaultConfigurationIsVisible = 0;
			defaultConfigurationName = Release;
		};
/* End XCConfigurationList section */
	};
	rootObject = E3DEFB0714FFD66C00B98586 /* Project object */;
}
